
Microsoft Visual Studio Solution File, Format Version 12.00
# Visual Studio 15
VisualStudioVersion = 15.0.27004.2010
MinimumVisualStudioVersion = 10.0.40219.1
Project("{9A19103F-16F7-4668-BE54-9A1E7A4F7556}") = "DoesTheListAddUpToK", "DoesTheListAddUpToK\DoesTheListAddUpToK.csproj", "{6E785D4D-23C2-4099-A398-56DEBF0B943B}"
EndProject
Project("{9A19103F-16F7-4668-BE54-9A1E7A4F7556}") = "DoesTheListAddUpToKUnitTests", "UnitTest\DoesTheListAddUpToKUnitTests.csproj", "{08D00705-2A0D-4E2E-8D11-277F60C9B38E}"
EndProject
Project("{FAE04EC0-301F-11D3-BF4B-00C04F79EFBC}") = "ProductOfEverythingButIUnitTests", "ProductOfEverythingButIUnitTests\ProductOfEverythingButIUnitTests.csproj", "{A3CEF67A-1B44-436C-BA5A-BFC291F62BFF}"
EndProject
Project("{FAE04EC0-301F-11D3-BF4B-00C04F79EFBC}") = "ProductOfEverythingButI", "ProductOfEverythingButI\ProductOfEverythingButI.csproj", "{484C46C5-89E2-41CA-981D-1D485798A1B8}"
EndProject
Global
	GlobalSection(SolutionConfigurationPlatforms) = preSolution
		Debug|Any CPU = Debug|Any CPU
		Release|Any CPU = Release|Any CPU
	EndGlobalSection
	GlobalSection(ProjectConfigurationPlatforms) = postSolution
		{6E785D4D-23C2-4099-A398-56DEBF0B943B}.Debug|Any CPU.ActiveCfg = Debug|Any CPU
		{6E785D4D-23C2-4099-A398-56DEBF0B943B}.Debug|Any CPU.Build.0 = Debug|Any CPU
		{6E785D4D-23C2-4099-A398-56DEBF0B943B}.Release|Any CPU.ActiveCfg = Release|Any CPU
		{6E785D4D-23C2-4099-A398-56DEBF0B943B}.Release|Any CPU.Build.0 = Release|Any CPU
		{08D00705-2A0D-4E2E-8D11-277F60C9B38E}.Debug|Any CPU.ActiveCfg = Debug|Any CPU
		{08D00705-2A0D-4E2E-8D11-277F60C9B38E}.Debug|Any CPU.Build.0 = Debug|Any CPU
		{08D00705-2A0D-4E2E-8D11-277F60C9B38E}.Release|Any CPU.ActiveCfg = Release|Any CPU
		{08D00705-2A0D-4E2E-8D11-277F60C9B38E}.Release|Any CPU.Build.0 = Release|Any CPU
		{A3CEF67A-1B44-436C-BA5A-BFC291F62BFF}.Debug|Any CPU.ActiveCfg = Debug|Any CPU
		{A3CEF67A-1B44-436C-BA5A-BFC291F62BFF}.Debug|Any CPU.Build.0 = Debug|Any CPU
		{A3CEF67A-1B44-436C-BA5A-BFC291F62BFF}.Release|Any CPU.ActiveCfg = Release|Any CPU
		{A3CEF67A-1B44-436C-BA5A-BFC291F62BFF}.Release|Any CPU.Build.0 = Release|Any CPU
		{484C46C5-89E2-41CA-981D-1D485798A1B8}.Debug|Any CPU.ActiveCfg = Debug|Any CPU
		{484C46C5-89E2-41CA-981D-1D485798A1B8}.Debug|Any CPU.Build.0 = Debug|Any CPU
		{484C46C5-89E2-41CA-981D-1D485798A1B8}.Release|Any CPU.ActiveCfg = Release|Any CPU
		{484C46C5-89E2-41CA-981D-1D485798A1B8}.Release|Any CPU.Build.0 = Release|Any CPU
	EndGlobalSection
	GlobalSection(SolutionProperties) = preSolution
		HideSolutionNode = FALSE
	EndGlobalSection
	GlobalSection(ExtensibilityGlobals) = postSolution
		SolutionGuid = {9A157CB4-DF57-4705-9EBD-F2C4425FD71A}
	EndGlobalSection
EndGlobal
